// !$*UTF8*$!
{
	archiveVersion = 1;
	classes = {
	};
	objectVersion = 50;
	objects = {

/* Begin PBXBuildFile section */
		F19BB6D92121F8E00079B43F /* AppDelegate.m in Sources */ = {isa = PBXBuildFile; fileRef = F19BB6D82121F8E00079B43F /* AppDelegate.m */; };
		F19BB6DC2121F8E00079B43F /* ViewController.m in Sources */ = {isa = PBXBuildFile; fileRef = F19BB6DB2121F8E00079B43F /* ViewController.m */; };
		F19BB6DF2121F8E00079B43F /* Main.storyboard in Resources */ = {isa = PBXBuildFile; fileRef = F19BB6DD2121F8E00079B43F /* Main.storyboard */; };
		F19BB6E12121F8E10079B43F /* Assets.xcassets in Resources */ = {isa = PBXBuildFile; fileRef = F19BB6E02121F8E10079B43F /* Assets.xcassets */; };
		F19BB6E42121F8E10079B43F /* LaunchScreen.storyboard in Resources */ = {isa = PBXBuildFile; fileRef = F19BB6E22121F8E10079B43F /* LaunchScreen.storyboard */; };
		F19BB6E72121F8E10079B43F /* main.m in Sources */ = {isa = PBXBuildFile; fileRef = F19BB6E62121F8E10079B43F /* main.m */; };
		F19BB6F12121F8E20079B43F /* MyOwnScrollViewTests.m in Sources */ = {isa = PBXBuildFile; fileRef = F19BB6F02121F8E20079B43F /* MyOwnScrollViewTests.m */; };
		F19BB6FD21221EB60079B43F /* MyScrollView.m in Sources */ = {isa = PBXBuildFile; fileRef = F19BB6FC21221EB60079B43F /* MyScrollView.m */; };
/* End PBXBuildFile section */

/* Begin PBXContainerItemProxy section */
		F19BB6ED2121F8E20079B43F /* PBXContainerItemProxy */ = {
			isa = PBXContainerItemProxy;
			containerPortal = F19BB6CC2121F8E00079B43F /* Project object */;
			proxyType = 1;
			remoteGlobalIDString = F19BB6D32121F8E00079B43F;
			remoteInfo = MyOwnScrollView;
		};
/* End PBXContainerItemProxy section */

/* Begin PBXFileReference section */
		F19BB6D42121F8E00079B43F /* MyOwnScrollView.app */ = {isa = PBXFileReference; explicitFileType = wrapper.application; includeInIndex = 0; path = MyOwnScrollView.app; sourceTree = BUILT_PRODUCTS_DIR; };
		F19BB6D72121F8E00079B43F /* AppDelegate.h */ = {isa = PBXFileReference; lastKnownFileType = sourcecode.c.h; path = AppDelegate.h; sourceTree = "<group>"; };
		F19BB6D82121F8E00079B43F /* AppDelegate.m */ = {isa = PBXFileReference; lastKnownFileType = sourcecode.c.objc; path = AppDelegate.m; sourceTree = "<group>"; };
		F19BB6DA2121F8E00079B43F /* ViewController.h */ = {isa = PBXFileReference; lastKnownFileType = sourcecode.c.h; path = ViewController.h; sourceTree = "<group>"; };
		F19BB6DB2121F8E00079B43F /* ViewController.m */ = {isa = PBXFileReference; lastKnownFileType = sourcecode.c.objc; path = ViewController.m; sourceTree = "<group>"; };
		F19BB6DE2121F8E00079B43F /* Base */ = {isa = PBXFileReference; lastKnownFileType = file.storyboard; name = Base; path = Base.lproj/Main.storyboard; sourceTree = "<group>"; };
		F19BB6E02121F8E10079B43F /* Assets.xcassets */ = {isa = PBXFileReference; lastKnownFileType = folder.assetcatalog; path = Assets.xcassets; sourceTree = "<group>"; };
		F19BB6E32121F8E10079B43F /* Base */ = {isa = PBXFileReference; lastKnownFileType = file.storyboard; name = Base; path = Base.lproj/LaunchScreen.storyboard; sourceTree = "<group>"; };
		F19BB6E52121F8E10079B43F /* Info.plist */ = {isa = PBXFileReference; lastKnownFileType = text.plist.xml; path = Info.plist; sourceTree = "<group>"; };
		F19BB6E62121F8E10079B43F /* main.m */ = {isa = PBXFileReference; lastKnownFileType = sourcecode.c.objc; path = main.m; sourceTree = "<group>"; };
		F19BB6EC2121F8E20079B43F /* MyOwnScrollViewTests.xctest */ = {isa = PBXFileReference; explicitFileType = wrapper.cfbundle; includeInIndex = 0; path = MyOwnScrollViewTests.xctest; sourceTree = BUILT_PRODUCTS_DIR; };
		F19BB6F02121F8E20079B43F /* MyOwnScrollViewTests.m */ = {isa = PBXFileReference; lastKnownFileType = sourcecode.c.objc; path = MyOwnScrollViewTests.m; sourceTree = "<group>"; };
		F19BB6F22121F8E20079B43F /* Info.plist */ = {isa = PBXFileReference; lastKnownFileType = text.plist.xml; path = Info.plist; sourceTree = "<group>"; };
		F19BB6FB21221EB60079B43F /* MyScrollView.h */ = {isa = PBXFileReference; lastKnownFileType = sourcecode.c.h; path = MyScrollView.h; sourceTree = "<group>"; };
		F19BB6FC21221EB60079B43F /* MyScrollView.m */ = {isa = PBXFileReference; lastKnownFileType = sourcecode.c.objc; path = MyScrollView.m; sourceTree = "<group>"; };
/* End PBXFileReference section */

/* Begin PBXFrameworksBuildPhase section */
		F19BB6D12121F8E00079B43F /* Frameworks */ = {
			isa = PBXFrameworksBuildPhase;
			buildActionMask = 2147483647;
			files = (
			);
			runOnlyForDeploymentPostprocessing = 0;
		};
		F19BB6E92121F8E20079B43F /* Frameworks */ = {
			isa = PBXFrameworksBuildPhase;
			buildActionMask = 2147483647;
			files = (
			);
			runOnlyForDeploymentPostprocessing = 0;
		};
/* End PBXFrameworksBuildPhase section */

/* Begin PBXGroup section */
		F19BB6CB2121F8E00079B43F = {
			isa = PBXGroup;
			children = (
				F19BB6D62121F8E00079B43F /* MyOwnScrollView */,
				F19BB6EF2121F8E20079B43F /* MyOwnScrollViewTests */,
				F19BB6D52121F8E00079B43F /* Products */,
			);
			sourceTree = "<group>";
		};
		F19BB6D52121F8E00079B43F /* Products */ = {
			isa = PBXGroup;
			children = (
				F19BB6D42121F8E00079B43F /* MyOwnScrollView.app */,
				F19BB6EC2121F8E20079B43F /* MyOwnScrollViewTests.xctest */,
			);
			name = Products;
			sourceTree = "<group>";
		};
		F19BB6D62121F8E00079B43F /* MyOwnScrollView */ = {
			isa = PBXGroup;
			children = (
				F19BB6D72121F8E00079B43F /* AppDelegate.h */,
				F19BB6D82121F8E00079B43F /* AppDelegate.m */,
				F19BB6DA2121F8E00079B43F /* ViewController.h */,
				F19BB6DB2121F8E00079B43F /* ViewController.m */,
				F19BB6DD2121F8E00079B43F /* Main.storyboard */,
				F19BB6FB21221EB60079B43F /* MyScrollView.h */,
				F19BB6FC21221EB60079B43F /* MyScrollView.m */,
				F19BB6E02121F8E10079B43F /* Assets.xcassets */,
				F19BB6E22121F8E10079B43F /* LaunchScreen.storyboard */,
				F19BB6E52121F8E10079B43F /* Info.plist */,
				F19BB6E62121F8E10079B43F /* main.m */,
			);
			path = MyOwnScrollView;
			sourceTree = "<group>";
		};
		F19BB6EF2121F8E20079B43F /* MyOwnScrollViewTests */ = {
			isa = PBXGroup;
			children = (
				F19BB6F02121F8E20079B43F /* MyOwnScrollViewTests.m */,
				F19BB6F22121F8E20079B43F /* Info.plist */,
			);
			path = MyOwnScrollViewTests;
			sourceTree = "<group>";
		};
/* End PBXGroup section */

/* Begin PBXNativeTarget section */
		F19BB6D32121F8E00079B43F /* MyOwnScrollView */ = {
			isa = PBXNativeTarget;
			buildConfigurationList = F19BB6F52121F8E20079B43F /* Build configuration list for PBXNativeTarget "MyOwnScrollView" */;
			buildPhases = (
				F19BB6D02121F8E00079B43F /* Sources */,
				F19BB6D12121F8E00079B43F /* Frameworks */,
				F19BB6D22121F8E00079B43F /* Resources */,
			);
			buildRules = (
			);
			dependencies = (
			);
			name = MyOwnScrollView;
			productName = MyOwnScrollView;
			productReference = F19BB6D42121F8E00079B43F /* MyOwnScrollView.app */;
			productType = "com.apple.product-type.application";
		};
		F19BB6EB2121F8E20079B43F /* MyOwnScrollViewTests */ = {
			isa = PBXNativeTarget;
			buildConfigurationList = F19BB6F82121F8E20079B43F /* Build configuration list for PBXNativeTarget "MyOwnScrollViewTests" */;
			buildPhases = (
				F19BB6E82121F8E20079B43F /* Sources */,
				F19BB6E92121F8E20079B43F /* Frameworks */,
				F19BB6EA2121F8E20079B43F /* Resources */,
			);
			buildRules = (
			);
			dependencies = (
				F19BB6EE2121F8E20079B43F /* PBXTargetDependency */,
			);
			name = MyOwnScrollViewTests;
			productName = MyOwnScrollViewTests;
			productReference = F19BB6EC2121F8E20079B43F /* MyOwnScrollViewTests.xctest */;
			productType = "com.apple.product-type.bundle.unit-test";
		};
/* End PBXNativeTarget section */

/* Begin PBXProject section */
		F19BB6CC2121F8E00079B43F /* Project object */ = {
			isa = PBXProject;
			attributes = {
				LastUpgradeCheck = 0940;
				ORGANIZATIONNAME = "Nathan Wainwright";
				TargetAttributes = {
					F19BB6D32121F8E00079B43F = {
						CreatedOnToolsVersion = 9.4.1;
					};
					F19BB6EB2121F8E20079B43F = {
						CreatedOnToolsVersion = 9.4.1;
						TestTargetID = F19BB6D32121F8E00079B43F;
					};
				};
			};
			buildConfigurationList = F19BB6CF2121F8E00079B43F /* Build configuration list for PBXProject "MyOwnScrollView" */;
			compatibilityVersion = "Xcode 9.3";
			developmentRegion = en;
			hasScannedForEncodings = 0;
			knownRegions = (
				en,
				Base,
			);
			mainGroup = F19BB6CB2121F8E00079B43F;
			productRefGroup = F19BB6D52121F8E00079B43F /* Products */;
			projectDirPath = "";
			projectRoot = "";
			targets = (
				F19BB6D32121F8E00079B43F /* MyOwnScrollView */,
				F19BB6EB2121F8E20079B43F /* MyOwnScrollViewTests */,
			);
		};
/* End PBXProject section */

/* Begin PBXResourcesBuildPhase section */
		F19BB6D22121F8E00079B43F /* Resources */ = {
			isa = PBXResourcesBuildPhase;
			buildActionMask = 2147483647;
			files = (
				F19BB6E42121F8E10079B43F /* LaunchScreen.storyboard in Resources */,
				F19BB6E12121F8E10079B43F /* Assets.xcassets in Resources */,
				F19BB6DF2121F8E00079B43F /* Main.storyboard in Resources */,
			);
			runOnlyForDeploymentPostprocessing = 0;
		};
		F19BB6EA2121F8E20079B43F /* Resources */ = {
			isa = PBXResourcesBuildPhase;
			buildActionMask = 2147483647;
			files = (
			);
			runOnlyForDeploymentPostprocessing = 0;
		};
/* End PBXResourcesBuildPhase section */

/* Begin PBXSourcesBuildPhase section */
		F19BB6D02121F8E00079B43F /* Sources */ = {
			isa = PBXSourcesBuildPhase;
			buildActionMask = 2147483647;
			files = (
				F19BB6DC2121F8E00079B43F /* ViewController.m in Sources */,
				F19BB6FD21221EB60079B43F /* MyScrollView.m in Sources */,
				F19BB6E72121F8E10079B43F /* main.m in Sources */,
				F19BB6D92121F8E00079B43F /* AppDelegate.m in Sources */,
			);
			runOnlyForDeploymentPostprocessing = 0;
		};
		F19BB6E82121F8E20079B43F /* Sources */ = {
			isa = PBXSourcesBuildPhase;
			buildActionMask = 2147483647;
			files = (
				F19BB6F12121F8E20079B43F /* MyOwnScrollViewTests.m in Sources */,
			);
			runOnlyForDeploymentPostprocessing = 0;
		};
/* End PBXSourcesBuildPhase section */

/* Begin PBXTargetDependency section */
		F19BB6EE2121F8E20079B43F /* PBXTargetDependency */ = {
			isa = PBXTargetDependency;
			target = F19BB6D32121F8E00079B43F /* MyOwnScrollView */;
			targetProxy = F19BB6ED2121F8E20079B43F /* PBXContainerItemProxy */;
		};
/* End PBXTargetDependency section */

/* Begin PBXVariantGroup section */
		F19BB6DD2121F8E00079B43F /* Main.storyboard */ = {
			isa = PBXVariantGroup;
			children = (
				F19BB6DE2121F8E00079B43F /* Base */,
			);
			name = Main.storyboard;
			sourceTree = "<group>";
		};
		F19BB6E22121F8E10079B43F /* LaunchScreen.storyboard */ = {
			isa = PBXVariantGroup;
			children = (
				F19BB6E32121F8E10079B43F /* Base */,
			);
			name = LaunchScreen.storyboard;
			sourceTree = "<group>";
		};
/* End PBXVariantGroup section */

/* Begin XCBuildConfiguration section */
		F19BB6F32121F8E20079B43F /* Debug */ = {
			isa = XCBuildConfiguration;
			buildSettings = {
				ALWAYS_SEARCH_USER_PATHS = NO;
				CLANG_ANALYZER_NONNULL = YES;
				CLANG_ANALYZER_NUMBER_OBJECT_CONVERSION = YES_AGGRESSIVE;
				CLANG_CXX_LANGUAGE_STANDARD = "gnu++14";
				CLANG_CXX_LIBRARY = "libc++";
				CLANG_ENABLE_MODULES = YES;
				CLANG_ENABLE_OBJC_ARC = YES;
				CLANG_ENABLE_OBJC_WEAK = YES;
				CLANG_WARN_BLOCK_CAPTURE_AUTORELEASING = YES;
				CLANG_WARN_BOOL_CONVERSION = YES;
				CLANG_WARN_COMMA = YES;
				CLANG_WARN_CONSTANT_CONVERSION = YES;
				CLANG_WARN_DEPRECATED_OBJC_IMPLEMENTATIONS = YES;
				CLANG_WARN_DIRECT_OBJC_ISA_USAGE = YES_ERROR;
				CLANG_WARN_DOCUMENTATION_COMMENTS = YES;
				CLANG_WARN_EMPTY_BODY = YES;
				CLANG_WARN_ENUM_CONVERSION = YES;
				CLANG_WARN_INFINITE_RECURSION = YES;
				CLANG_WARN_INT_CONVERSION = YES;
				CLANG_WARN_NON_LITERAL_NULL_CONVERSION = YES;
				CLANG_WARN_OBJC_IMPLICIT_RETAIN_SELF = YES;
				CLANG_WARN_OBJC_LITERAL_CONVERSION = YES;
				CLANG_WARN_OBJC_ROOT_CLASS = YES_ERROR;
				CLANG_WARN_RANGE_LOOP_ANALYSIS = YES;
				CLANG_WARN_STRICT_PROTOTYPES = YES;
				CLANG_WARN_SUSPICIOUS_MOVE = YES;
				CLANG_WARN_UNGUARDED_AVAILABILITY = YES_AGGRESSIVE;
				CLANG_WARN_UNREACHABLE_CODE = YES;
				CLANG_WARN__DUPLICATE_METHOD_MATCH = YES;
				CODE_SIGN_IDENTITY = "iPhone Developer";
				COPY_PHASE_STRIP = NO;
				DEBUG_INFORMATION_FORMAT = dwarf;
				ENABLE_STRICT_OBJC_MSGSEND = YES;
				ENABLE_TESTABILITY = YES;
				GCC_C_LANGUAGE_STANDARD = gnu11;
				GCC_DYNAMIC_NO_PIC = NO;
				GCC_NO_COMMON_BLOCKS = YES;
				GCC_OPTIMIZATION_LEVEL = 0;
				GCC_PREPROCESSOR_DEFINITIONS = (
					"DEBUG=1",
					"$(inherited)",
				);
				GCC_WARN_64_TO_32_BIT_CONVERSION = YES;
				GCC_WARN_ABOUT_RETURN_TYPE = YES_ERROR;
				GCC_WARN_UNDECLARED_SELECTOR = YES;
				GCC_WARN_UNINITIALIZED_AUTOS = YES_AGGRESSIVE;
				GCC_WARN_UNUSED_FUNCTION = YES;
				GCC_WARN_UNUSED_VARIABLE = YES;
				IPHONEOS_DEPLOYMENT_TARGET = 11.4;
				MTL_ENABLE_DEBUG_INFO = YES;
				ONLY_ACTIVE_ARCH = YES;
				SDKROOT = iphoneos;
			};
			name = Debug;
		};
		F19BB6F42121F8E20079B43F /* Release */ = {
			isa = XCBuildConfiguration;
			buildSettings = {
				ALWAYS_SEARCH_USER_PATHS = NO;
				CLANG_ANALYZER_NONNULL = YES;
				CLANG_ANALYZER_NUMBER_OBJECT_CONVERSION = YES_AGGRESSIVE;
				CLANG_CXX_LANGUAGE_STANDARD = "gnu++14";
				CLANG_CXX_LIBRARY = "libc++";
				CLANG_ENABLE_MODULES = YES;
				CLANG_ENABLE_OBJC_ARC = YES;
				CLANG_ENABLE_OBJC_WEAK = YES;
				CLANG_WARN_BLOCK_CAPTURE_AUTORELEASING = YES;
				CLANG_WARN_BOOL_CONVERSION = YES;
				CLANG_WARN_COMMA = YES;
				CLANG_WARN_CONSTANT_CONVERSION = YES;
				CLANG_WARN_DEPRECATED_OBJC_IMPLEMENTATIONS = YES;
				CLANG_WARN_DIRECT_OBJC_ISA_USAGE = YES_ERROR;
				CLANG_WARN_DOCUMENTATION_COMMENTS = YES;
				CLANG_WARN_EMPTY_BODY = YES;
				CLANG_WARN_ENUM_CONVERSION = YES;
				CLANG_WARN_INFINITE_RECURSION = YES;
				CLANG_WARN_INT_CONVERSION = YES;
				CLANG_WARN_NON_LITERAL_NULL_CONVERSION = YES;
				CLANG_WARN_OBJC_IMPLICIT_RETAIN_SELF = YES;
				CLANG_WARN_OBJC_LITERAL_CONVERSION = YES;
				CLANG_WARN_OBJC_ROOT_CLASS = YES_ERROR;
				CLANG_WARN_RANGE_LOOP_ANALYSIS = YES;
				CLANG_WARN_STRICT_PROTOTYPES = YES;
				CLANG_WARN_SUSPICIOUS_MOVE = YES;
				CLANG_WARN_UNGUARDED_AVAILABILITY = YES_AGGRESSIVE;
				CLANG_WARN_UNREACHABLE_CODE = YES;
				CLANG_WARN__DUPLICATE_METHOD_MATCH = YES;
				CODE_SIGN_IDENTITY = "iPhone Developer";
				COPY_PHASE_STRIP = NO;
				DEBUG_INFORMATION_FORMAT = "dwarf-with-dsym";
				ENABLE_NS_ASSERTIONS = NO;
				ENABLE_STRICT_OBJC_MSGSEND = YES;
				GCC_C_LANGUAGE_STANDARD = gnu11;
				GCC_NO_COMMON_BLOCKS = YES;
				GCC_WARN_64_TO_32_BIT_CONVERSION = YES;
				GCC_WARN_ABOUT_RETURN_TYPE = YES_ERROR;
				GCC_WARN_UNDECLARED_SELECTOR = YES;
				GCC_WARN_UNINITIALIZED_AUTOS = YES_AGGRESSIVE;
				GCC_WARN_UNUSED_FUNCTION = YES;
				GCC_WARN_UNUSED_VARIABLE = YES;
				IPHONEOS_DEPLOYMENT_TARGET = 11.4;
				MTL_ENABLE_DEBUG_INFO = NO;
				SDKROOT = iphoneos;
				VALIDATE_PRODUCT = YES;
			};
			name = Release;
		};
		F19BB6F62121F8E20079B43F /* Debug */ = {
			isa = XCBuildConfiguration;
			buildSettings = {
				ASSETCATALOG_COMPILER_APPICON_NAME = AppIcon;
				CODE_SIGN_STYLE = Automatic;
				INFOPLIST_FILE = MyOwnScrollView/Info.plist;
				LD_RUNPATH_SEARCH_PATHS = (
					"$(inherited)",
					"@executable_path/Frameworks",
				);
				PRODUCT_BUNDLE_IDENTIFIER = ca.nathanwainwright.MyOwnScrollView;
				PRODUCT_NAME = "$(TARGET_NAME)";
				TARGETED_DEVICE_FAMILY = "1,2";
			};
			name = Debug;
		};
		F19BB6F72121F8E20079B43F /* Release */ = {
			isa = XCBuildConfiguration;
			buildSettings = {
				ASSETCATALOG_COMPILER_APPICON_NAME = AppIcon;
				CODE_SIGN_STYLE = Automatic;
				INFOPLIST_FILE = MyOwnScrollView/Info.plist;
				LD_RUNPATH_SEARCH_PATHS = (
					"$(inherited)",
					"@executable_path/Frameworks",
				);
				PRODUCT_BUNDLE_IDENTIFIER = ca.nathanwainwright.MyOwnScrollView;
				PRODUCT_NAME = "$(TARGET_NAME)";
				TARGETED_DEVICE_FAMILY = "1,2";
			};
			name = Release;
		};
		F19BB6F92121F8E20079B43F /* Debug */ = {
			isa = XCBuildConfiguration;
			buildSettings = {
				BUNDLE_LOADER = "$(TEST_HOST)";
				CODE_SIGN_STYLE = Automatic;
				INFOPLIST_FILE = MyOwnScrollViewTests/Info.plist;
				LD_RUNPATH_SEARCH_PATHS = (
					"$(inherited)",
					"@executable_path/Frameworks",
					"@loader_path/Frameworks",
				);
				PRODUCT_BUNDLE_IDENTIFIER = ca.nathanwainwright.MyOwnScrollViewTests;
				PRODUCT_NAME = "$(TARGET_NAME)";
				TARGETED_DEVICE_FAMILY = "1,2";
				TEST_HOST = "$(BUILT_PRODUCTS_DIR)/MyOwnScrollView.app/MyOwnScrollView";
			};
			name = Debug;
		};
		F19BB6FA2121F8E20079B43F /* Release */ = {
			isa = XCBuildConfiguration;
			buildSettings = {
				BUNDLE_LOADER = "$(TEST_HOST)";
				CODE_SIGN_STYLE = Automatic;
				INFOPLIST_FILE = MyOwnScrollViewTests/Info.plist;
				LD_RUNPATH_SEARCH_PATHS = (
					"$(inherited)",
					"@executable_path/Frameworks",
					"@loader_path/Frameworks",
				);
				PRODUCT_BUNDLE_IDENTIFIER = ca.nathanwainwright.MyOwnScrollViewTests;
				PRODUCT_NAME = "$(TARGET_NAME)";
				TARGETED_DEVICE_FAMILY = "1,2";
				TEST_HOST = "$(BUILT_PRODUCTS_DIR)/MyOwnScrollView.app/MyOwnScrollView";
			};
			name = Release;
		};
/* End XCBuildConfiguration section */

/* Begin XCConfigurationList section */
		F19BB6CF2121F8E00079B43F /* Build configuration list for PBXProject "MyOwnScrollView" */ = {
			isa = XCConfigurationList;
			buildConfigurations = (
				F19BB6F32121F8E20079B43F /* Debug */,
				F19BB6F42121F8E20079B43F /* Release */,
			);
			defaultConfigurationIsVisible = 0;
			defaultConfigurationName = Release;
		};
		F19BB6F52121F8E20079B43F /* Build configuration list for PBXNativeTarget "MyOwnScrollView" */ = {
			isa = XCConfigurationList;
			buildConfigurations = (
				F19BB6F62121F8E20079B43F /* Debug */,
				F19BB6F72121F8E20079B43F /* Release */,
			);
			defaultConfigurationIsVisible = 0;
			defaultConfigurationName = Release;
		};
		F19BB6F82121F8E20079B43F /* Build configuration list for PBXNativeTarget "MyOwnScrollViewTests" */ = {
			isa = XCConfigurationList;
			buildConfigurations = (
				F19BB6F92121F8E20079B43F /* Debug */,
				F19BB6FA2121F8E20079B43F /* Release */,
			);
			defaultConfigurationIsVisible = 0;
			defaultConfigurationName = Release;
		};
/* End XCConfigurationList section */
	};
	rootObject = F19BB6CC2121F8E00079B43F /* Project object */;
}
